// !$*UTF8*$!
{
	archiveVersion = 1;
	classes = {
	};
	objectVersion = 46;
	objects = {

/* Begin PBXBuildFile section */
		A9D902481A97CCEF006D4074 /* AppDelegate.swift in Sources */ = {isa = PBXBuildFile; fileRef = A9D902471A97CCEF006D4074 /* AppDelegate.swift */; };
		A9D9024A1A97CCEF006D4074 /* ViewController.swift in Sources */ = {isa = PBXBuildFile; fileRef = A9D902491A97CCEF006D4074 /* ViewController.swift */; };
		A9D9024D1A97CCEF006D4074 /* Main.storyboard in Resources */ = {isa = PBXBuildFile; fileRef = A9D9024B1A97CCEF006D4074 /* Main.storyboard */; };
		A9D9024F1A97CCEF006D4074 /* Images.xcassets in Resources */ = {isa = PBXBuildFile; fileRef = A9D9024E1A97CCEF006D4074 /* Images.xcassets */; };
		A9D902521A97CCEF006D4074 /* LaunchScreen.xib in Resources */ = {isa = PBXBuildFile; fileRef = A9D902501A97CCEF006D4074 /* LaunchScreen.xib */; };
		A9D9025E1A97CCEF006D4074 /* FluppyChatTests.swift in Sources */ = {isa = PBXBuildFile; fileRef = A9D9025D1A97CCEF006D4074 /* FluppyChatTests.swift */; };
		A9D9026B1A97D0A2006D4074 /* Parse.framework in Frameworks */ = {isa = PBXBuildFile; fileRef = A9D902671A97D0A2006D4074 /* Parse.framework */; };
		A9D9026C1A97D0A2006D4074 /* ParseCrashReporting.framework in Frameworks */ = {isa = PBXBuildFile; fileRef = A9D902681A97D0A2006D4074 /* ParseCrashReporting.framework */; };
		A9D9026D1A97D0A2006D4074 /* ParseFacebookUtils.framework in Frameworks */ = {isa = PBXBuildFile; fileRef = A9D902691A97D0A2006D4074 /* ParseFacebookUtils.framework */; };
		A9D9026E1A97D0A2006D4074 /* ParseUI.framework in Frameworks */ = {isa = PBXBuildFile; fileRef = A9D9026A1A97D0A2006D4074 /* ParseUI.framework */; };
		A9D902701A97D0B2006D4074 /* Bolts.framework in Frameworks */ = {isa = PBXBuildFile; fileRef = A9D9026F1A97D0B2006D4074 /* Bolts.framework */; };
		A9D902721A97D117006D4074 /* Accounts.framework in Frameworks */ = {isa = PBXBuildFile; fileRef = A9D902711A97D117006D4074 /* Accounts.framework */; };
		A9D902741A97D123006D4074 /* AudioToolbox.framework in Frameworks */ = {isa = PBXBuildFile; fileRef = A9D902731A97D123006D4074 /* AudioToolbox.framework */; };
		A9D902761A97D12E006D4074 /* CFNetwork.framework in Frameworks */ = {isa = PBXBuildFile; fileRef = A9D902751A97D12E006D4074 /* CFNetwork.framework */; };
		A9D902781A97D13D006D4074 /* CoreGraphics.framework in Frameworks */ = {isa = PBXBuildFile; fileRef = A9D902771A97D13D006D4074 /* CoreGraphics.framework */; };
		A9D9027A1A97D149006D4074 /* CoreLocation.framework in Frameworks */ = {isa = PBXBuildFile; fileRef = A9D902791A97D149006D4074 /* CoreLocation.framework */; };
		A9D9027C1A97D152006D4074 /* MobileCoreServices.framework in Frameworks */ = {isa = PBXBuildFile; fileRef = A9D9027B1A97D152006D4074 /* MobileCoreServices.framework */; };
		A9D9027E1A97D15D006D4074 /* QuartzCore.framework in Frameworks */ = {isa = PBXBuildFile; fileRef = A9D9027D1A97D15D006D4074 /* QuartzCore.framework */; };
		A9D902801A97D167006D4074 /* Security.framework in Frameworks */ = {isa = PBXBuildFile; fileRef = A9D9027F1A97D167006D4074 /* Security.framework */; };
		A9D902821A97D16F006D4074 /* Social.framework in Frameworks */ = {isa = PBXBuildFile; fileRef = A9D902811A97D16F006D4074 /* Social.framework */; };
		A9D902841A97D17C006D4074 /* StoreKit.framework in Frameworks */ = {isa = PBXBuildFile; fileRef = A9D902831A97D17C006D4074 /* StoreKit.framework */; };
		A9D902861A97D18E006D4074 /* SystemConfiguration.framework in Frameworks */ = {isa = PBXBuildFile; fileRef = A9D902851A97D18E006D4074 /* SystemConfiguration.framework */; };
		A9D902881A97D19E006D4074 /* libz.dylib in Frameworks */ = {isa = PBXBuildFile; fileRef = A9D902871A97D19E006D4074 /* libz.dylib */; };
		A9D9028A1A97D1AA006D4074 /* libsqlite3.0.dylib in Frameworks */ = {isa = PBXBuildFile; fileRef = A9D902891A97D1AA006D4074 /* libsqlite3.0.dylib */; };
/* End PBXBuildFile section */

/* Begin PBXContainerItemProxy section */
		A9D902581A97CCEF006D4074 /* PBXContainerItemProxy */ = {
			isa = PBXContainerItemProxy;
			containerPortal = A9D9023A1A97CCEF006D4074 /* Project object */;
			proxyType = 1;
			remoteGlobalIDString = A9D902411A97CCEF006D4074;
			remoteInfo = FluppyChat;
		};
/* End PBXContainerItemProxy section */

/* Begin PBXFileReference section */
		A9D902421A97CCEF006D4074 /* FluppyChat.app */ = {isa = PBXFileReference; explicitFileType = wrapper.application; includeInIndex = 0; path = FluppyChat.app; sourceTree = BUILT_PRODUCTS_DIR; };
		A9D902461A97CCEF006D4074 /* Info.plist */ = {isa = PBXFileReference; lastKnownFileType = text.plist.xml; path = Info.plist; sourceTree = "<group>"; };
		A9D902471A97CCEF006D4074 /* AppDelegate.swift */ = {isa = PBXFileReference; lastKnownFileType = sourcecode.swift; path = AppDelegate.swift; sourceTree = "<group>"; };
		A9D902491A97CCEF006D4074 /* ViewController.swift */ = {isa = PBXFileReference; lastKnownFileType = sourcecode.swift; path = ViewController.swift; sourceTree = "<group>"; };
		A9D9024C1A97CCEF006D4074 /* Base */ = {isa = PBXFileReference; lastKnownFileType = file.storyboard; name = Base; path = Base.lproj/Main.storyboard; sourceTree = "<group>"; };
		A9D9024E1A97CCEF006D4074 /* Images.xcassets */ = {isa = PBXFileReference; lastKnownFileType = folder.assetcatalog; path = Images.xcassets; sourceTree = "<group>"; };
		A9D902511A97CCEF006D4074 /* Base */ = {isa = PBXFileReference; lastKnownFileType = file.xib; name = Base; path = Base.lproj/LaunchScreen.xib; sourceTree = "<group>"; };
		A9D902571A97CCEF006D4074 /* FluppyChatTests.xctest */ = {isa = PBXFileReference; explicitFileType = wrapper.cfbundle; includeInIndex = 0; path = FluppyChatTests.xctest; sourceTree = BUILT_PRODUCTS_DIR; };
		A9D9025C1A97CCEF006D4074 /* Info.plist */ = {isa = PBXFileReference; lastKnownFileType = text.plist.xml; path = Info.plist; sourceTree = "<group>"; };
		A9D9025D1A97CCEF006D4074 /* FluppyChatTests.swift */ = {isa = PBXFileReference; lastKnownFileType = sourcecode.swift; path = FluppyChatTests.swift; sourceTree = "<group>"; };
		A9D902671A97D0A2006D4074 /* Parse.framework */ = {isa = PBXFileReference; lastKnownFileType = wrapper.framework; path = Parse.framework; sourceTree = "<group>"; };
		A9D902681A97D0A2006D4074 /* ParseCrashReporting.framework */ = {isa = PBXFileReference; lastKnownFileType = wrapper.framework; path = ParseCrashReporting.framework; sourceTree = "<group>"; };
		A9D902691A97D0A2006D4074 /* ParseFacebookUtils.framework */ = {isa = PBXFileReference; lastKnownFileType = wrapper.framework; path = ParseFacebookUtils.framework; sourceTree = "<group>"; };
		A9D9026A1A97D0A2006D4074 /* ParseUI.framework */ = {isa = PBXFileReference; lastKnownFileType = wrapper.framework; path = ParseUI.framework; sourceTree = "<group>"; };
		A9D9026F1A97D0B2006D4074 /* Bolts.framework */ = {isa = PBXFileReference; lastKnownFileType = wrapper.framework; path = Bolts.framework; sourceTree = "<group>"; };
		A9D902711A97D117006D4074 /* Accounts.framework */ = {isa = PBXFileReference; lastKnownFileType = wrapper.framework; name = Accounts.framework; path = System/Library/Frameworks/Accounts.framework; sourceTree = SDKROOT; };
		A9D902731A97D123006D4074 /* AudioToolbox.framework */ = {isa = PBXFileReference; lastKnownFileType = wrapper.framework; name = AudioToolbox.framework; path = System/Library/Frameworks/AudioToolbox.framework; sourceTree = SDKROOT; };
		A9D902751A97D12E006D4074 /* CFNetwork.framework */ = {isa = PBXFileReference; lastKnownFileType = wrapper.framework; name = CFNetwork.framework; path = System/Library/Frameworks/CFNetwork.framework; sourceTree = SDKROOT; };
		A9D902771A97D13D006D4074 /* CoreGraphics.framework */ = {isa = PBXFileReference; lastKnownFileType = wrapper.framework; name = CoreGraphics.framework; path = System/Library/Frameworks/CoreGraphics.framework; sourceTree = SDKROOT; };
		A9D902791A97D149006D4074 /* CoreLocation.framework */ = {isa = PBXFileReference; lastKnownFileType = wrapper.framework; name = CoreLocation.framework; path = System/Library/Frameworks/CoreLocation.framework; sourceTree = SDKROOT; };
		A9D9027B1A97D152006D4074 /* MobileCoreServices.framework */ = {isa = PBXFileReference; lastKnownFileType = wrapper.framework; name = MobileCoreServices.framework; path = System/Library/Frameworks/MobileCoreServices.framework; sourceTree = SDKROOT; };
		A9D9027D1A97D15D006D4074 /* QuartzCore.framework */ = {isa = PBXFileReference; lastKnownFileType = wrapper.framework; name = QuartzCore.framework; path = System/Library/Frameworks/QuartzCore.framework; sourceTree = SDKROOT; };
		A9D9027F1A97D167006D4074 /* Security.framework */ = {isa = PBXFileReference; lastKnownFileType = wrapper.framework; name = Security.framework; path = System/Library/Frameworks/Security.framework; sourceTree = SDKROOT; };
		A9D902811A97D16F006D4074 /* Social.framework */ = {isa = PBXFileReference; lastKnownFileType = wrapper.framework; name = Social.framework; path = System/Library/Frameworks/Social.framework; sourceTree = SDKROOT; };
		A9D902831A97D17C006D4074 /* StoreKit.framework */ = {isa = PBXFileReference; lastKnownFileType = wrapper.framework; name = StoreKit.framework; path = System/Library/Frameworks/StoreKit.framework; sourceTree = SDKROOT; };
		A9D902851A97D18E006D4074 /* SystemConfiguration.framework */ = {isa = PBXFileReference; lastKnownFileType = wrapper.framework; name = SystemConfiguration.framework; path = System/Library/Frameworks/SystemConfiguration.framework; sourceTree = SDKROOT; };
		A9D902871A97D19E006D4074 /* libz.dylib */ = {isa = PBXFileReference; lastKnownFileType = "compiled.mach-o.dylib"; name = libz.dylib; path = usr/lib/libz.dylib; sourceTree = SDKROOT; };
		A9D902891A97D1AA006D4074 /* libsqlite3.0.dylib */ = {isa = PBXFileReference; lastKnownFileType = "compiled.mach-o.dylib"; name = libsqlite3.0.dylib; path = usr/lib/libsqlite3.0.dylib; sourceTree = SDKROOT; };
/* End PBXFileReference section */

/* Begin PBXFrameworksBuildPhase section */
		A9D9023F1A97CCEF006D4074 /* Frameworks */ = {
			isa = PBXFrameworksBuildPhase;
			buildActionMask = 2147483647;
			files = (
				A9D9028A1A97D1AA006D4074 /* libsqlite3.0.dylib in Frameworks */,
				A9D902881A97D19E006D4074 /* libz.dylib in Frameworks */,
				A9D902861A97D18E006D4074 /* SystemConfiguration.framework in Frameworks */,
				A9D902841A97D17C006D4074 /* StoreKit.framework in Frameworks */,
				A9D902821A97D16F006D4074 /* Social.framework in Frameworks */,
				A9D902801A97D167006D4074 /* Security.framework in Frameworks */,
				A9D9027E1A97D15D006D4074 /* QuartzCore.framework in Frameworks */,
				A9D9027C1A97D152006D4074 /* MobileCoreServices.framework in Frameworks */,
				A9D9027A1A97D149006D4074 /* CoreLocation.framework in Frameworks */,
				A9D902781A97D13D006D4074 /* CoreGraphics.framework in Frameworks */,
				A9D902761A97D12E006D4074 /* CFNetwork.framework in Frameworks */,
				A9D902741A97D123006D4074 /* AudioToolbox.framework in Frameworks */,
				A9D902721A97D117006D4074 /* Accounts.framework in Frameworks */,
				A9D902701A97D0B2006D4074 /* Bolts.framework in Frameworks */,
				A9D9026B1A97D0A2006D4074 /* Parse.framework in Frameworks */,
				A9D9026C1A97D0A2006D4074 /* ParseCrashReporting.framework in Frameworks */,
				A9D9026E1A97D0A2006D4074 /* ParseUI.framework in Frameworks */,
				A9D9026D1A97D0A2006D4074 /* ParseFacebookUtils.framework in Frameworks */,
			);
			runOnlyForDeploymentPostprocessing = 0;
		};
		A9D902541A97CCEF006D4074 /* Frameworks */ = {
			isa = PBXFrameworksBuildPhase;
			buildActionMask = 2147483647;
			files = (
			);
			runOnlyForDeploymentPostprocessing = 0;
		};
/* End PBXFrameworksBuildPhase section */

/* Begin PBXGroup section */
		A9D902391A97CCEF006D4074 = {
			isa = PBXGroup;
			children = (
				A9D9028B1A97D1B9006D4074 /* Frameworks */,
				A9D902441A97CCEF006D4074 /* FluppyChat */,
				A9D9025A1A97CCEF006D4074 /* FluppyChatTests */,
				A9D902431A97CCEF006D4074 /* Products */,
			);
			sourceTree = "<group>";
		};
		A9D902431A97CCEF006D4074 /* Products */ = {
			isa = PBXGroup;
			children = (
				A9D902421A97CCEF006D4074 /* FluppyChat.app */,
				A9D902571A97CCEF006D4074 /* FluppyChatTests.xctest */,
			);
			name = Products;
			sourceTree = "<group>";
		};
		A9D902441A97CCEF006D4074 /* FluppyChat */ = {
			isa = PBXGroup;
			children = (
				A9D902491A97CCEF006D4074 /* ViewController.swift */,
				A9D9024B1A97CCEF006D4074 /* Main.storyboard */,
				A9D9024E1A97CCEF006D4074 /* Images.xcassets */,
				A9D902501A97CCEF006D4074 /* LaunchScreen.xib */,
				A9D902451A97CCEF006D4074 /* Supporting Files */,
			);
			path = FluppyChat;
			sourceTree = "<group>";
		};
		A9D902451A97CCEF006D4074 /* Supporting Files */ = {
			isa = PBXGroup;
			children = (
				A9D902471A97CCEF006D4074 /* AppDelegate.swift */,
				A9D902461A97CCEF006D4074 /* Info.plist */,
			);
			name = "Supporting Files";
			sourceTree = "<group>";
		};
		A9D9025A1A97CCEF006D4074 /* FluppyChatTests */ = {
			isa = PBXGroup;
			children = (
				A9D9025D1A97CCEF006D4074 /* FluppyChatTests.swift */,
				A9D9025B1A97CCEF006D4074 /* Supporting Files */,
			);
			path = FluppyChatTests;
			sourceTree = "<group>";
		};
		A9D9025B1A97CCEF006D4074 /* Supporting Files */ = {
			isa = PBXGroup;
			children = (
				A9D9025C1A97CCEF006D4074 /* Info.plist */,
			);
			name = "Supporting Files";
			sourceTree = "<group>";
		};
		A9D9028B1A97D1B9006D4074 /* Frameworks */ = {
			isa = PBXGroup;
			children = (
				A9D902891A97D1AA006D4074 /* libsqlite3.0.dylib */,
				A9D902871A97D19E006D4074 /* libz.dylib */,
				A9D902851A97D18E006D4074 /* SystemConfiguration.framework */,
				A9D902831A97D17C006D4074 /* StoreKit.framework */,
				A9D902811A97D16F006D4074 /* Social.framework */,
				A9D9027F1A97D167006D4074 /* Security.framework */,
				A9D9027D1A97D15D006D4074 /* QuartzCore.framework */,
				A9D9027B1A97D152006D4074 /* MobileCoreServices.framework */,
				A9D902791A97D149006D4074 /* CoreLocation.framework */,
				A9D902771A97D13D006D4074 /* CoreGraphics.framework */,
				A9D902751A97D12E006D4074 /* CFNetwork.framework */,
				A9D902731A97D123006D4074 /* AudioToolbox.framework */,
				A9D902711A97D117006D4074 /* Accounts.framework */,
				A9D9026F1A97D0B2006D4074 /* Bolts.framework */,
				A9D902671A97D0A2006D4074 /* Parse.framework */,
				A9D902681A97D0A2006D4074 /* ParseCrashReporting.framework */,
				A9D902691A97D0A2006D4074 /* ParseFacebookUtils.framework */,
				A9D9026A1A97D0A2006D4074 /* ParseUI.framework */,
			);
			name = Frameworks;
			sourceTree = "<group>";
		};
/* End PBXGroup section */

/* Begin PBXNativeTarget section */
		A9D902411A97CCEF006D4074 /* FluppyChat */ = {
			isa = PBXNativeTarget;
			buildConfigurationList = A9D902611A97CCEF006D4074 /* Build configuration list for PBXNativeTarget "FluppyChat" */;
			buildPhases = (
				A9D9023E1A97CCEF006D4074 /* Sources */,
				A9D9023F1A97CCEF006D4074 /* Frameworks */,
				A9D902401A97CCEF006D4074 /* Resources */,
			);
			buildRules = (
			);
			dependencies = (
			);
			name = FluppyChat;
			productName = FluppyChat;
			productReference = A9D902421A97CCEF006D4074 /* FluppyChat.app */;
			productType = "com.apple.product-type.application";
		};
		A9D902561A97CCEF006D4074 /* FluppyChatTests */ = {
			isa = PBXNativeTarget;
			buildConfigurationList = A9D902641A97CCEF006D4074 /* Build configuration list for PBXNativeTarget "FluppyChatTests" */;
			buildPhases = (
				A9D902531A97CCEF006D4074 /* Sources */,
				A9D902541A97CCEF006D4074 /* Frameworks */,
				A9D902551A97CCEF006D4074 /* Resources */,
			);
			buildRules = (
			);
			dependencies = (
				A9D902591A97CCEF006D4074 /* PBXTargetDependency */,
			);
			name = FluppyChatTests;
			productName = FluppyChatTests;
			productReference = A9D902571A97CCEF006D4074 /* FluppyChatTests.xctest */;
			productType = "com.apple.product-type.bundle.unit-test";
		};
/* End PBXNativeTarget section */

/* Begin PBXProject section */
		A9D9023A1A97CCEF006D4074 /* Project object */ = {
			isa = PBXProject;
			attributes = {
				LastUpgradeCheck = 0610;
				ORGANIZATIONNAME = "Dmytro Bohachevskyi";
				TargetAttributes = {
					A9D902411A97CCEF006D4074 = {
						CreatedOnToolsVersion = 6.1.1;
					};
					A9D902561A97CCEF006D4074 = {
						CreatedOnToolsVersion = 6.1.1;
						TestTargetID = A9D902411A97CCEF006D4074;
					};
				};
			};
			buildConfigurationList = A9D9023D1A97CCEF006D4074 /* Build configuration list for PBXProject "FluppyChat" */;
			compatibilityVersion = "Xcode 3.2";
			developmentRegion = English;
			hasScannedForEncodings = 0;
			knownRegions = (
				en,
				Base,
			);
			mainGroup = A9D902391A97CCEF006D4074;
			productRefGroup = A9D902431A97CCEF006D4074 /* Products */;
			projectDirPath = "";
			projectRoot = "";
			targets = (
				A9D902411A97CCEF006D4074 /* FluppyChat */,
				A9D902561A97CCEF006D4074 /* FluppyChatTests */,
			);
		};
/* End PBXProject section */

/* Begin PBXResourcesBuildPhase section */
		A9D902401A97CCEF006D4074 /* Resources */ = {
			isa = PBXResourcesBuildPhase;
			buildActionMask = 2147483647;
			files = (
				A9D9024D1A97CCEF006D4074 /* Main.storyboard in Resources */,
				A9D902521A97CCEF006D4074 /* LaunchScreen.xib in Resources */,
				A9D9024F1A97CCEF006D4074 /* Images.xcassets in Resources */,
			);
			runOnlyForDeploymentPostprocessing = 0;
		};
		A9D902551A97CCEF006D4074 /* Resources */ = {
			isa = PBXResourcesBuildPhase;
			buildActionMask = 2147483647;
			files = (
			);
			runOnlyForDeploymentPostprocessing = 0;
		};
/* End PBXResourcesBuildPhase section */

/* Begin PBXSourcesBuildPhase section */
		A9D9023E1A97CCEF006D4074 /* Sources */ = {
			isa = PBXSourcesBuildPhase;
			buildActionMask = 2147483647;
			files = (
				A9D9024A1A97CCEF006D4074 /* ViewController.swift in Sources */,
				A9D902481A97CCEF006D4074 /* AppDelegate.swift in Sources */,
			);
			runOnlyForDeploymentPostprocessing = 0;
		};
		A9D902531A97CCEF006D4074 /* Sources */ = {
			isa = PBXSourcesBuildPhase;
			buildActionMask = 2147483647;
			files = (
				A9D9025E1A97CCEF006D4074 /* FluppyChatTests.swift in Sources */,
			);
			runOnlyForDeploymentPostprocessing = 0;
		};
/* End PBXSourcesBuildPhase section */

/* Begin PBXTargetDependency section */
		A9D902591A97CCEF006D4074 /* PBXTargetDependency */ = {
			isa = PBXTargetDependency;
			target = A9D902411A97CCEF006D4074 /* FluppyChat */;
			targetProxy = A9D902581A97CCEF006D4074 /* PBXContainerItemProxy */;
		};
/* End PBXTargetDependency section */

/* Begin PBXVariantGroup section */
		A9D9024B1A97CCEF006D4074 /* Main.storyboard */ = {
			isa = PBXVariantGroup;
			children = (
				A9D9024C1A97CCEF006D4074 /* Base */,
			);
			name = Main.storyboard;
			sourceTree = "<group>";
		};
		A9D902501A97CCEF006D4074 /* LaunchScreen.xib */ = {
			isa = PBXVariantGroup;
			children = (
				A9D902511A97CCEF006D4074 /* Base */,
			);
			name = LaunchScreen.xib;
			sourceTree = "<group>";
		};
/* End PBXVariantGroup section */

/* Begin XCBuildConfiguration section */
		A9D9025F1A97CCEF006D4074 /* Debug */ = {
			isa = XCBuildConfiguration;
			buildSettings = {
				ALWAYS_SEARCH_USER_PATHS = NO;
				CLANG_CXX_LANGUAGE_STANDARD = "gnu++0x";
				CLANG_CXX_LIBRARY = "libc++";
				CLANG_ENABLE_MODULES = YES;
				CLANG_ENABLE_OBJC_ARC = YES;
				CLANG_WARN_BOOL_CONVERSION = YES;
				CLANG_WARN_CONSTANT_CONVERSION = YES;
				CLANG_WARN_DIRECT_OBJC_ISA_USAGE = YES_ERROR;
				CLANG_WARN_EMPTY_BODY = YES;
				CLANG_WARN_ENUM_CONVERSION = YES;
				CLANG_WARN_INT_CONVERSION = YES;
				CLANG_WARN_OBJC_ROOT_CLASS = YES_ERROR;
				CLANG_WARN_UNREACHABLE_CODE = YES;
				CLANG_WARN__DUPLICATE_METHOD_MATCH = YES;
				"CODE_SIGN_IDENTITY[sdk=iphoneos*]" = "iPhone Developer";
				COPY_PHASE_STRIP = NO;
				ENABLE_STRICT_OBJC_MSGSEND = YES;
				GCC_C_LANGUAGE_STANDARD = gnu99;
				GCC_DYNAMIC_NO_PIC = NO;
				GCC_OPTIMIZATION_LEVEL = 0;
				GCC_PREPROCESSOR_DEFINITIONS = (
					"DEBUG=1",
					"$(inherited)",
				);
				GCC_SYMBOLS_PRIVATE_EXTERN = NO;
				GCC_WARN_64_TO_32_BIT_CONVERSION = YES;
				GCC_WARN_ABOUT_RETURN_TYPE = YES_ERROR;
				GCC_WARN_UNDECLARED_SELECTOR = YES;
				GCC_WARN_UNINITIALIZED_AUTOS = YES_AGGRESSIVE;
				GCC_WARN_UNUSED_FUNCTION = YES;
				GCC_WARN_UNUSED_VARIABLE = YES;
				IPHONEOS_DEPLOYMENT_TARGET = 8.1;
				MTL_ENABLE_DEBUG_INFO = YES;
				ONLY_ACTIVE_ARCH = YES;
				SDKROOT = iphoneos;
				SWIFT_OPTIMIZATION_LEVEL = "-Onone";
				TARGETED_DEVICE_FAMILY = "1,2";
			};
			name = Debug;
		};
		A9D902601A97CCEF006D4074 /* Release */ = {
			isa = XCBuildConfiguration;
			buildSettings = {
				ALWAYS_SEARCH_USER_PATHS = NO;
				CLANG_CXX_LANGUAGE_STANDARD = "gnu++0x";
				CLANG_CXX_LIBRARY = "libc++";
				CLANG_ENABLE_MODULES = YES;
				CLANG_ENABLE_OBJC_ARC = YES;
				CLANG_WARN_BOOL_CONVERSION = YES;
				CLANG_WARN_CONSTANT_CONVERSION = YES;
				CLANG_WARN_DIRECT_OBJC_ISA_USAGE = YES_ERROR;
				CLANG_WARN_EMPTY_BODY = YES;
				CLANG_WARN_ENUM_CONVERSION = YES;
				CLANG_WARN_INT_CONVERSION = YES;
				CLANG_WARN_OBJC_ROOT_CLASS = YES_ERROR;
				CLANG_WARN_UNREACHABLE_CODE = YES;
				CLANG_WARN__DUPLICATE_METHOD_MATCH = YES;
				"CODE_SIGN_IDENTITY[sdk=iphoneos*]" = "iPhone Developer";
				COPY_PHASE_STRIP = YES;
				ENABLE_NS_ASSERTIONS = NO;
				ENABLE_STRICT_OBJC_MSGSEND = YES;
				GCC_C_LANGUAGE_STANDARD = gnu99;
				GCC_WARN_64_TO_32_BIT_CONVERSION = YES;
				GCC_WARN_ABOUT_RETURN_TYPE = YES_ERROR;
				GCC_WARN_UNDECLARED_SELECTOR = YES;
				GCC_WARN_UNINITIALIZED_AUTOS = YES_AGGRESSIVE;
				GCC_WARN_UNUSED_FUNCTION = YES;
				GCC_WARN_UNUSED_VARIABLE = YES;
				IPHONEOS_DEPLOYMENT_TARGET = 8.1;
				MTL_ENABLE_DEBUG_INFO = NO;
				SDKROOT = iphoneos;
				TARGETED_DEVICE_FAMILY = "1,2";
				VALIDATE_PRODUCT = YES;
			};
			name = Release;
		};
		A9D902621A97CCEF006D4074 /* Debug */ = {
			isa = XCBuildConfiguration;
			buildSettings = {
				ASSETCATALOG_COMPILER_APPICON_NAME = AppIcon;
				FRAMEWORK_SEARCH_PATHS = (
					"$(inherited)",
					"$(PROJECT_DIR)",
				);
				INFOPLIST_FILE = FluppyChat/Info.plist;
				LD_RUNPATH_SEARCH_PATHS = "$(inherited) @executable_path/Frameworks";
				PRODUCT_NAME = "$(TARGET_NAME)";
			};
			name = Debug;
		};
		A9D902631A97CCEF006D4074 /* Release */ = {
			isa = XCBuildConfiguration;
			buildSettings = {
				ASSETCATALOG_COMPILER_APPICON_NAME = AppIcon;
				FRAMEWORK_SEARCH_PATHS = (
					"$(inherited)",
					"$(PROJECT_DIR)",
				);
				INFOPLIST_FILE = FluppyChat/Info.plist;
				LD_RUNPATH_SEARCH_PATHS = "$(inherited) @executable_path/Frameworks";
				PRODUCT_NAME = "$(TARGET_NAME)";
			};
			name = Release;
		};
		A9D902651A97CCEF006D4074 /* Debug */ = {
			isa = XCBuildConfiguration;
			buildSettings = {
				BUNDLE_LOADER = "$(TEST_HOST)";
				FRAMEWORK_SEARCH_PATHS = (
					"$(SDKROOT)/Developer/Library/Frameworks",
					"$(inherited)",
				);
				GCC_PREPROCESSOR_DEFINITIONS = (
					"DEBUG=1",
					"$(inherited)",
				);
				INFOPLIST_FILE = FluppyChatTests/Info.plist;
				LD_RUNPATH_SEARCH_PATHS = "$(inherited) @executable_path/Frameworks @loader_path/Frameworks";
				PRODUCT_NAME = "$(TARGET_NAME)";
				TEST_HOST = "$(BUILT_PRODUCTS_DIR)/FluppyChat.app/FluppyChat";
			};
			name = Debug;
		};
		A9D902661A97CCEF006D4074 /* Release */ = {
			isa = XCBuildConfiguration;
			buildSettings = {
				BUNDLE_LOADER = "$(TEST_HOST)";
				FRAMEWORK_SEARCH_PATHS = (
					"$(SDKROOT)/Developer/Library/Frameworks",
					"$(inherited)",
				);
				INFOPLIST_FILE = FluppyChatTests/Info.plist;
				LD_RUNPATH_SEARCH_PATHS = "$(inherited) @executable_path/Frameworks @loader_path/Frameworks";
				PRODUCT_NAME = "$(TARGET_NAME)";
				TEST_HOST = "$(BUILT_PRODUCTS_DIR)/FluppyChat.app/FluppyChat";
			};
			name = Release;
		};
/* End XCBuildConfiguration section */

/* Begin XCConfigurationList section */
		A9D9023D1A97CCEF006D4074 /* Build configuration list for PBXProject "FluppyChat" */ = {
			isa = XCConfigurationList;
			buildConfigurations = (
				A9D9025F1A97CCEF006D4074 /* Debug */,
				A9D902601A97CCEF006D4074 /* Release */,
			);
			defaultConfigurationIsVisible = 0;
			defaultConfigurationName = Release;
		};
		A9D902611A97CCEF006D4074 /* Build configuration list for PBXNativeTarget "FluppyChat" */ = {
			isa = XCConfigurationList;
			buildConfigurations = (
				A9D902621A97CCEF006D4074 /* Debug */,
				A9D902631A97CCEF006D4074 /* Release */,
			);
			defaultConfigurationIsVisible = 0;
		};
		A9D902641A97CCEF006D4074 /* Build configuration list for PBXNativeTarget "FluppyChatTests" */ = {
			isa = XCConfigurationList;
			buildConfigurations = (
				A9D902651A97CCEF006D4074 /* Debug */,
				A9D902661A97CCEF006D4074 /* Release */,
			);
			defaultConfigurationIsVisible = 0;
		};
/* End XCConfigurationList section */
	};
	rootObject = A9D9023A1A97CCEF006D4074 /* Project object */;
}
