// !$*UTF8*$!
{
	archiveVersion = 1;
	classes = {
	};
	objectVersion = 46;
	objects = {

/* Begin PBXBuildFile section */
		7206F6F272811C0029BE5BDF /* libPods.a in Frameworks */ = {isa = PBXBuildFile; fileRef = ECB474A93A63674F4169A1C8 /* libPods.a */; };
		7F025BFB1C5117EA006E4C18 /* NewMessageViewController.swift in Sources */ = {isa = PBXBuildFile; fileRef = 7F025BFA1C5117EA006E4C18 /* NewMessageViewController.swift */; };
		7F2579431BBF2092001BA157 /* user.png in Resources */ = {isa = PBXBuildFile; fileRef = 7F2579421BBF2092001BA157 /* user.png */; };
		7F2579451BBF22A2001BA157 /* ProfileViewController.swift in Sources */ = {isa = PBXBuildFile; fileRef = 7F2579441BBF22A2001BA157 /* ProfileViewController.swift */; };
		7F58BDE01BB1F12400086384 /* AppDelegate.swift in Sources */ = {isa = PBXBuildFile; fileRef = 7F58BDDF1BB1F12400086384 /* AppDelegate.swift */; };
		7F58BDE51BB1F12400086384 /* Main.storyboard in Resources */ = {isa = PBXBuildFile; fileRef = 7F58BDE31BB1F12400086384 /* Main.storyboard */; };
		7F58BDE71BB1F12400086384 /* Assets.xcassets in Resources */ = {isa = PBXBuildFile; fileRef = 7F58BDE61BB1F12400086384 /* Assets.xcassets */; };
		7F58BDEA1BB1F12400086384 /* LaunchScreen.storyboard in Resources */ = {isa = PBXBuildFile; fileRef = 7F58BDE81BB1F12400086384 /* LaunchScreen.storyboard */; };
		7F58BDF51BB1F12500086384 /* FluppyChatTests.swift in Sources */ = {isa = PBXBuildFile; fileRef = 7F58BDF41BB1F12500086384 /* FluppyChatTests.swift */; };
		7F58BE001BB1F12500086384 /* FluppyChatUITests.swift in Sources */ = {isa = PBXBuildFile; fileRef = 7F58BDFF1BB1F12500086384 /* FluppyChatUITests.swift */; };
		7F58BE0E1BB1F14C00086384 /* PodFile in Resources */ = {isa = PBXBuildFile; fileRef = 7F58BE0D1BB1F14C00086384 /* PodFile */; };
		7F58BE151BB1F51300086384 /* LoginViewController.swift in Sources */ = {isa = PBXBuildFile; fileRef = 7F58BE141BB1F51300086384 /* LoginViewController.swift */; };
		7F58BE191BB1F7B700086384 /* MessageAlert.swift in Sources */ = {isa = PBXBuildFile; fileRef = 7F58BE181BB1F7B700086384 /* MessageAlert.swift */; };
		7F58BE1B1BB1FA7A00086384 /* RoomListViewController.swift in Sources */ = {isa = PBXBuildFile; fileRef = 7F58BE1A1BB1FA7A00086384 /* RoomListViewController.swift */; };
		7F58BE1E1BB1FD3300086384 /* ConfirmedRoomTableViewCell.swift in Sources */ = {isa = PBXBuildFile; fileRef = 7F58BE1D1BB1FD3300086384 /* ConfirmedRoomTableViewCell.swift */; };
		7F58BE201BB2012F00086384 /* PhotoContainer.swift in Sources */ = {isa = PBXBuildFile; fileRef = 7F58BE1F1BB2012F00086384 /* PhotoContainer.swift */; };
		7F5940251C5AA29800A506C1 /* UpdateRoomsListProtocol.swift in Sources */ = {isa = PBXBuildFile; fileRef = 7F5940241C5AA29800A506C1 /* UpdateRoomsListProtocol.swift */; };
		7F8D4D671C5CD98F0072319C /* Consts.swift in Sources */ = {isa = PBXBuildFile; fileRef = 7F8D4D661C5CD98F0072319C /* Consts.swift */; };
		7F8D4D6B1C5D2ADF0072319C /* NotConfirmedTableViewCell.swift in Sources */ = {isa = PBXBuildFile; fileRef = 7F8D4D6A1C5D2ADF0072319C /* NotConfirmedTableViewCell.swift */; };
		7F8D4D6D1C5D335A0072319C /* BaseRoomTableViewCell.swift in Sources */ = {isa = PBXBuildFile; fileRef = 7F8D4D6C1C5D335A0072319C /* BaseRoomTableViewCell.swift */; };
		7F8D4D6F1C5D34AB0072319C /* AcceptDeclineRoomProtocol.swift in Sources */ = {isa = PBXBuildFile; fileRef = 7F8D4D6E1C5D34AB0072319C /* AcceptDeclineRoomProtocol.swift */; };
		7F8D4D711C5E2DAC0072319C /* UpdateFriendListProtocol.swift in Sources */ = {isa = PBXBuildFile; fileRef = 7F8D4D701C5E2DAC0072319C /* UpdateFriendListProtocol.swift */; };
		7F92ADD81BBDC63A00E0B807 /* MessageTableViewCell.swift in Sources */ = {isa = PBXBuildFile; fileRef = 7F92ADD71BBDC63A00E0B807 /* MessageTableViewCell.swift */; };
		7F92ADDA1BBDC6C300E0B807 /* MessagingTableViewController.swift in Sources */ = {isa = PBXBuildFile; fileRef = 7F92ADD91BBDC6C300E0B807 /* MessagingTableViewController.swift */; };
		7F92ADE51BBDD17D00E0B807 /* Decoder.swift in Sources */ = {isa = PBXBuildFile; fileRef = 7F92ADE41BBDD17D00E0B807 /* Decoder.swift */; };
		7F92ADFB1BBDD33400E0B807 /* AESCrypt.m in Sources */ = {isa = PBXBuildFile; fileRef = 7F92ADF41BBDD33400E0B807 /* AESCrypt.m */; };
		7F92ADFC1BBDD33400E0B807 /* NSData+Base64.m in Sources */ = {isa = PBXBuildFile; fileRef = 7F92ADF61BBDD33400E0B807 /* NSData+Base64.m */; };
		7F92ADFD1BBDD33400E0B807 /* NSData+CommonCrypto.m in Sources */ = {isa = PBXBuildFile; fileRef = 7F92ADF81BBDD33400E0B807 /* NSData+CommonCrypto.m */; };
		7F92ADFE1BBDD33400E0B807 /* NSString+Base64.m in Sources */ = {isa = PBXBuildFile; fileRef = 7F92ADFA1BBDD33400E0B807 /* NSString+Base64.m */; };
		7FF7BC4A1BC0019D00D0B2D8 /* SearchFriendTableViewController.swift in Sources */ = {isa = PBXBuildFile; fileRef = 7FF7BC491BC0019D00D0B2D8 /* SearchFriendTableViewController.swift */; };
		7FF7BC4C1BC0021900D0B2D8 /* SearchTableViewCell.swift in Sources */ = {isa = PBXBuildFile; fileRef = 7FF7BC4B1BC0021900D0B2D8 /* SearchTableViewCell.swift */; };
		7FF7BC4E1BC0023000D0B2D8 /* FriendTableViewCell.swift in Sources */ = {isa = PBXBuildFile; fileRef = 7FF7BC4D1BC0023000D0B2D8 /* FriendTableViewCell.swift */; };
		7FF7BC511BC002DC00D0B2D8 /* SearchProtocol.swift in Sources */ = {isa = PBXBuildFile; fileRef = 7FF7BC501BC002DC00D0B2D8 /* SearchProtocol.swift */; };
		7FFF248F1C4C0B88000DCE13 /* SwiftyJSON.swift in Sources */ = {isa = PBXBuildFile; fileRef = 7FFF248E1C4C0B88000DCE13 /* SwiftyJSON.swift */; };
/* End PBXBuildFile section */

/* Begin PBXContainerItemProxy section */
		7F58BDF11BB1F12500086384 /* PBXContainerItemProxy */ = {
			isa = PBXContainerItemProxy;
			containerPortal = 7F58BDD41BB1F12400086384 /* Project object */;
			proxyType = 1;
			remoteGlobalIDString = 7F58BDDB1BB1F12400086384;
			remoteInfo = FluppyChat;
		};
		7F58BDFC1BB1F12500086384 /* PBXContainerItemProxy */ = {
			isa = PBXContainerItemProxy;
			containerPortal = 7F58BDD41BB1F12400086384 /* Project object */;
			proxyType = 1;
			remoteGlobalIDString = 7F58BDDB1BB1F12400086384;
			remoteInfo = FluppyChat;
		};
/* End PBXContainerItemProxy section */

/* Begin PBXFileReference section */
		5DE4593AEC4BA184817F76A3 /* Pods.debug.xcconfig */ = {isa = PBXFileReference; includeInIndex = 1; lastKnownFileType = text.xcconfig; name = Pods.debug.xcconfig; path = "Pods/Target Support Files/Pods/Pods.debug.xcconfig"; sourceTree = "<group>"; };
		7F025BFA1C5117EA006E4C18 /* NewMessageViewController.swift */ = {isa = PBXFileReference; fileEncoding = 4; lastKnownFileType = sourcecode.swift; name = NewMessageViewController.swift; path = Controllers/NewMessageViewController.swift; sourceTree = "<group>"; };
		7F2579421BBF2092001BA157 /* user.png */ = {isa = PBXFileReference; lastKnownFileType = image.png; name = user.png; path = Resource/user.png; sourceTree = "<group>"; };
		7F2579441BBF22A2001BA157 /* ProfileViewController.swift */ = {isa = PBXFileReference; fileEncoding = 4; lastKnownFileType = sourcecode.swift; name = ProfileViewController.swift; path = Controllers/ProfileViewController.swift; sourceTree = "<group>"; };
		7F58BDDC1BB1F12400086384 /* FluppyChat.app */ = {isa = PBXFileReference; explicitFileType = wrapper.application; includeInIndex = 0; path = FluppyChat.app; sourceTree = BUILT_PRODUCTS_DIR; };
		7F58BDDF1BB1F12400086384 /* AppDelegate.swift */ = {isa = PBXFileReference; lastKnownFileType = sourcecode.swift; path = AppDelegate.swift; sourceTree = "<group>"; };
		7F58BDE41BB1F12400086384 /* Base */ = {isa = PBXFileReference; lastKnownFileType = file.storyboard; name = Base; path = Base.lproj/Main.storyboard; sourceTree = "<group>"; };
		7F58BDE61BB1F12400086384 /* Assets.xcassets */ = {isa = PBXFileReference; lastKnownFileType = folder.assetcatalog; path = Assets.xcassets; sourceTree = "<group>"; };
		7F58BDE91BB1F12400086384 /* Base */ = {isa = PBXFileReference; lastKnownFileType = file.storyboard; name = Base; path = Base.lproj/LaunchScreen.storyboard; sourceTree = "<group>"; };
		7F58BDEB1BB1F12400086384 /* Info.plist */ = {isa = PBXFileReference; lastKnownFileType = text.plist.xml; path = Info.plist; sourceTree = "<group>"; };
		7F58BDF01BB1F12500086384 /* FluppyChatTests.xctest */ = {isa = PBXFileReference; explicitFileType = wrapper.cfbundle; includeInIndex = 0; path = FluppyChatTests.xctest; sourceTree = BUILT_PRODUCTS_DIR; };
		7F58BDF41BB1F12500086384 /* FluppyChatTests.swift */ = {isa = PBXFileReference; lastKnownFileType = sourcecode.swift; path = FluppyChatTests.swift; sourceTree = "<group>"; };
		7F58BDF61BB1F12500086384 /* Info.plist */ = {isa = PBXFileReference; lastKnownFileType = text.plist.xml; path = Info.plist; sourceTree = "<group>"; };
		7F58BDFB1BB1F12500086384 /* FluppyChatUITests.xctest */ = {isa = PBXFileReference; explicitFileType = wrapper.cfbundle; includeInIndex = 0; path = FluppyChatUITests.xctest; sourceTree = BUILT_PRODUCTS_DIR; };
		7F58BDFF1BB1F12500086384 /* FluppyChatUITests.swift */ = {isa = PBXFileReference; lastKnownFileType = sourcecode.swift; path = FluppyChatUITests.swift; sourceTree = "<group>"; };
		7F58BE011BB1F12500086384 /* Info.plist */ = {isa = PBXFileReference; lastKnownFileType = text.plist.xml; path = Info.plist; sourceTree = "<group>"; };
		7F58BE0D1BB1F14C00086384 /* PodFile */ = {isa = PBXFileReference; fileEncoding = 4; lastKnownFileType = text; path = PodFile; sourceTree = "<group>"; };
		7F58BE0F1BB1F21D00086384 /* FluppyChat-Bridging-Header.h */ = {isa = PBXFileReference; lastKnownFileType = sourcecode.c.h; path = "FluppyChat-Bridging-Header.h"; sourceTree = "<group>"; };
		7F58BE141BB1F51300086384 /* LoginViewController.swift */ = {isa = PBXFileReference; fileEncoding = 4; lastKnownFileType = sourcecode.swift; name = LoginViewController.swift; path = Controllers/LoginViewController.swift; sourceTree = "<group>"; };
		7F58BE181BB1F7B700086384 /* MessageAlert.swift */ = {isa = PBXFileReference; fileEncoding = 4; lastKnownFileType = sourcecode.swift; name = MessageAlert.swift; path = Util/MessageAlert.swift; sourceTree = "<group>"; };
		7F58BE1A1BB1FA7A00086384 /* RoomListViewController.swift */ = {isa = PBXFileReference; fileEncoding = 4; lastKnownFileType = sourcecode.swift; name = RoomListViewController.swift; path = Controllers/RoomListViewController.swift; sourceTree = "<group>"; };
		7F58BE1D1BB1FD3300086384 /* ConfirmedRoomTableViewCell.swift */ = {isa = PBXFileReference; fileEncoding = 4; lastKnownFileType = sourcecode.swift; name = ConfirmedRoomTableViewCell.swift; path = Cells/ConfirmedRoomTableViewCell.swift; sourceTree = "<group>"; };
		7F58BE1F1BB2012F00086384 /* PhotoContainer.swift */ = {isa = PBXFileReference; fileEncoding = 4; lastKnownFileType = sourcecode.swift; name = PhotoContainer.swift; path = Util/PhotoContainer.swift; sourceTree = "<group>"; };
		7F5940241C5AA29800A506C1 /* UpdateRoomsListProtocol.swift */ = {isa = PBXFileReference; fileEncoding = 4; lastKnownFileType = sourcecode.swift; name = UpdateRoomsListProtocol.swift; path = Protocol/UpdateRoomsListProtocol.swift; sourceTree = "<group>"; };
		7F8D4D661C5CD98F0072319C /* Consts.swift */ = {isa = PBXFileReference; fileEncoding = 4; lastKnownFileType = sourcecode.swift; name = Consts.swift; path = Consts/Consts.swift; sourceTree = "<group>"; };
		7F8D4D6A1C5D2ADF0072319C /* NotConfirmedTableViewCell.swift */ = {isa = PBXFileReference; fileEncoding = 4; lastKnownFileType = sourcecode.swift; name = NotConfirmedTableViewCell.swift; path = Cells/NotConfirmedTableViewCell.swift; sourceTree = "<group>"; };
		7F8D4D6C1C5D335A0072319C /* BaseRoomTableViewCell.swift */ = {isa = PBXFileReference; fileEncoding = 4; lastKnownFileType = sourcecode.swift; name = BaseRoomTableViewCell.swift; path = Cells/BaseRoomTableViewCell.swift; sourceTree = "<group>"; };
		7F8D4D6E1C5D34AB0072319C /* AcceptDeclineRoomProtocol.swift */ = {isa = PBXFileReference; fileEncoding = 4; lastKnownFileType = sourcecode.swift; name = AcceptDeclineRoomProtocol.swift; path = Protocol/AcceptDeclineRoomProtocol.swift; sourceTree = "<group>"; };
		7F8D4D701C5E2DAC0072319C /* UpdateFriendListProtocol.swift */ = {isa = PBXFileReference; fileEncoding = 4; lastKnownFileType = sourcecode.swift; name = UpdateFriendListProtocol.swift; path = Protocol/UpdateFriendListProtocol.swift; sourceTree = "<group>"; };
		7F92ADD71BBDC63A00E0B807 /* MessageTableViewCell.swift */ = {isa = PBXFileReference; fileEncoding = 4; lastKnownFileType = sourcecode.swift; name = MessageTableViewCell.swift; path = Cells/MessageTableViewCell.swift; sourceTree = "<group>"; };
		7F92ADD91BBDC6C300E0B807 /* MessagingTableViewController.swift */ = {isa = PBXFileReference; fileEncoding = 4; lastKnownFileType = sourcecode.swift; name = MessagingTableViewController.swift; path = Controllers/MessagingTableViewController.swift; sourceTree = "<group>"; };
		7F92ADE41BBDD17D00E0B807 /* Decoder.swift */ = {isa = PBXFileReference; fileEncoding = 4; lastKnownFileType = sourcecode.swift; name = Decoder.swift; path = Util/Decoder.swift; sourceTree = "<group>"; };
		7F92ADF31BBDD33400E0B807 /* AESCrypt.h */ = {isa = PBXFileReference; fileEncoding = 4; lastKnownFileType = sourcecode.c.h; name = AESCrypt.h; path = Framework/AESCrypt/AESCrypt.h; sourceTree = "<group>"; };
		7F92ADF41BBDD33400E0B807 /* AESCrypt.m */ = {isa = PBXFileReference; fileEncoding = 4; lastKnownFileType = sourcecode.c.objc; name = AESCrypt.m; path = Framework/AESCrypt/AESCrypt.m; sourceTree = "<group>"; };
		7F92ADF51BBDD33400E0B807 /* NSData+Base64.h */ = {isa = PBXFileReference; fileEncoding = 4; lastKnownFileType = sourcecode.c.h; name = "NSData+Base64.h"; path = "Framework/AESCrypt/NSData+Base64.h"; sourceTree = "<group>"; };
		7F92ADF61BBDD33400E0B807 /* NSData+Base64.m */ = {isa = PBXFileReference; fileEncoding = 4; lastKnownFileType = sourcecode.c.objc; name = "NSData+Base64.m"; path = "Framework/AESCrypt/NSData+Base64.m"; sourceTree = "<group>"; };
		7F92ADF71BBDD33400E0B807 /* NSData+CommonCrypto.h */ = {isa = PBXFileReference; fileEncoding = 4; lastKnownFileType = sourcecode.c.h; name = "NSData+CommonCrypto.h"; path = "Framework/AESCrypt/NSData+CommonCrypto.h"; sourceTree = "<group>"; };
		7F92ADF81BBDD33400E0B807 /* NSData+CommonCrypto.m */ = {isa = PBXFileReference; fileEncoding = 4; lastKnownFileType = sourcecode.c.objc; name = "NSData+CommonCrypto.m"; path = "Framework/AESCrypt/NSData+CommonCrypto.m"; sourceTree = "<group>"; };
		7F92ADF91BBDD33400E0B807 /* NSString+Base64.h */ = {isa = PBXFileReference; fileEncoding = 4; lastKnownFileType = sourcecode.c.h; name = "NSString+Base64.h"; path = "Framework/AESCrypt/NSString+Base64.h"; sourceTree = "<group>"; };
		7F92ADFA1BBDD33400E0B807 /* NSString+Base64.m */ = {isa = PBXFileReference; fileEncoding = 4; lastKnownFileType = sourcecode.c.objc; name = "NSString+Base64.m"; path = "Framework/AESCrypt/NSString+Base64.m"; sourceTree = "<group>"; };
		7FF7BC491BC0019D00D0B2D8 /* SearchFriendTableViewController.swift */ = {isa = PBXFileReference; fileEncoding = 4; lastKnownFileType = sourcecode.swift; name = SearchFriendTableViewController.swift; path = Controllers/SearchFriendTableViewController.swift; sourceTree = "<group>"; };
		7FF7BC4B1BC0021900D0B2D8 /* SearchTableViewCell.swift */ = {isa = PBXFileReference; fileEncoding = 4; lastKnownFileType = sourcecode.swift; name = SearchTableViewCell.swift; path = Cells/SearchTableViewCell.swift; sourceTree = "<group>"; };
		7FF7BC4D1BC0023000D0B2D8 /* FriendTableViewCell.swift */ = {isa = PBXFileReference; fileEncoding = 4; lastKnownFileType = sourcecode.swift; name = FriendTableViewCell.swift; path = Cells/FriendTableViewCell.swift; sourceTree = "<group>"; };
		7FF7BC501BC002DC00D0B2D8 /* SearchProtocol.swift */ = {isa = PBXFileReference; fileEncoding = 4; lastKnownFileType = sourcecode.swift; name = SearchProtocol.swift; path = Protocol/SearchProtocol.swift; sourceTree = "<group>"; };
		7FFF248E1C4C0B88000DCE13 /* SwiftyJSON.swift */ = {isa = PBXFileReference; fileEncoding = 4; lastKnownFileType = sourcecode.swift; name = SwiftyJSON.swift; path = Framework/SwiftyJSON.swift; sourceTree = "<group>"; };
		8B37774411AF1F04C132F993 /* Pods.release.xcconfig */ = {isa = PBXFileReference; includeInIndex = 1; lastKnownFileType = text.xcconfig; name = Pods.release.xcconfig; path = "Pods/Target Support Files/Pods/Pods.release.xcconfig"; sourceTree = "<group>"; };
		ECB474A93A63674F4169A1C8 /* libPods.a */ = {isa = PBXFileReference; explicitFileType = archive.ar; includeInIndex = 0; path = libPods.a; sourceTree = BUILT_PRODUCTS_DIR; };
/* End PBXFileReference section */

/* Begin PBXFrameworksBuildPhase section */
		7F58BDD91BB1F12400086384 /* Frameworks */ = {
			isa = PBXFrameworksBuildPhase;
			buildActionMask = 2147483647;
			files = (
				7206F6F272811C0029BE5BDF /* libPods.a in Frameworks */,
			);
			runOnlyForDeploymentPostprocessing = 0;
		};
		7F58BDED1BB1F12500086384 /* Frameworks */ = {
			isa = PBXFrameworksBuildPhase;
			buildActionMask = 2147483647;
			files = (
			);
			runOnlyForDeploymentPostprocessing = 0;
		};
		7F58BDF81BB1F12500086384 /* Frameworks */ = {
			isa = PBXFrameworksBuildPhase;
			buildActionMask = 2147483647;
			files = (
			);
			runOnlyForDeploymentPostprocessing = 0;
		};
/* End PBXFrameworksBuildPhase section */

/* Begin PBXGroup section */
		3BA39968F288937C4E62CC16 /* Pods */ = {
			isa = PBXGroup;
			children = (
				5DE4593AEC4BA184817F76A3 /* Pods.debug.xcconfig */,
				8B37774411AF1F04C132F993 /* Pods.release.xcconfig */,
			);
			name = Pods;
			sourceTree = "<group>";
		};
		7F2579411BBF2017001BA157 /* Resources */ = {
			isa = PBXGroup;
			children = (
				7F2579421BBF2092001BA157 /* user.png */,
			);
			name = Resources;
			sourceTree = "<group>";
		};
		7F58BDD31BB1F12400086384 = {
			isa = PBXGroup;
			children = (
				7F58BE0D1BB1F14C00086384 /* PodFile */,
				7F58BDDE1BB1F12400086384 /* FluppyChat */,
				7F58BDF31BB1F12500086384 /* FluppyChatTests */,
				7F58BDFE1BB1F12500086384 /* FluppyChatUITests */,
				7F58BDDD1BB1F12400086384 /* Products */,
				3BA39968F288937C4E62CC16 /* Pods */,
				C22DBEB1BD4A3F3F71790123 /* Frameworks */,
			);
			sourceTree = "<group>";
		};
		7F58BDDD1BB1F12400086384 /* Products */ = {
			isa = PBXGroup;
			children = (
				7F58BDDC1BB1F12400086384 /* FluppyChat.app */,
				7F58BDF01BB1F12500086384 /* FluppyChatTests.xctest */,
				7F58BDFB1BB1F12500086384 /* FluppyChatUITests.xctest */,
			);
			name = Products;
			sourceTree = "<group>";
		};
		7F58BDDE1BB1F12400086384 /* FluppyChat */ = {
			isa = PBXGroup;
			children = (
				7F8D4D651C5CD97A0072319C /* Consts */,
				7FF7BC4F1BC002C000D0B2D8 /* Protocols */,
				7F2579411BBF2017001BA157 /* Resources */,
				7F92ADDB1BBDD04100E0B807 /* Framework */,
				7F58BE1C1BB1FCF600086384 /* Cell */,
				7F58BE171BB1F78C00086384 /* Util */,
				7F58BE161BB1F72C00086384 /* SupportedFiles */,
				7F58BE131BB1F4F900086384 /* Controllers */,
				7F58BE121BB1F28C00086384 /* UI */,
			);
			path = FluppyChat;
			sourceTree = "<group>";
		};
		7F58BDF31BB1F12500086384 /* FluppyChatTests */ = {
			isa = PBXGroup;
			children = (
				7F58BDF41BB1F12500086384 /* FluppyChatTests.swift */,
				7F58BDF61BB1F12500086384 /* Info.plist */,
			);
			path = FluppyChatTests;
			sourceTree = "<group>";
		};
		7F58BDFE1BB1F12500086384 /* FluppyChatUITests */ = {
			isa = PBXGroup;
			children = (
				7F58BDFF1BB1F12500086384 /* FluppyChatUITests.swift */,
				7F58BE011BB1F12500086384 /* Info.plist */,
			);
			path = FluppyChatUITests;
			sourceTree = "<group>";
		};
		7F58BE121BB1F28C00086384 /* UI */ = {
			isa = PBXGroup;
			children = (
				7F58BDE61BB1F12400086384 /* Assets.xcassets */,
				7F58BDE81BB1F12400086384 /* LaunchScreen.storyboard */,
				7F58BDE31BB1F12400086384 /* Main.storyboard */,
			);
			name = UI;
			sourceTree = "<group>";
		};
		7F58BE131BB1F4F900086384 /* Controllers */ = {
			isa = PBXGroup;
			children = (
				7F58BE141BB1F51300086384 /* LoginViewController.swift */,
				7F58BE1A1BB1FA7A00086384 /* RoomListViewController.swift */,
				7F92ADD91BBDC6C300E0B807 /* MessagingTableViewController.swift */,
				7F2579441BBF22A2001BA157 /* ProfileViewController.swift */,
				7FF7BC491BC0019D00D0B2D8 /* SearchFriendTableViewController.swift */,
				7F025BFA1C5117EA006E4C18 /* NewMessageViewController.swift */,
			);
			name = Controllers;
			sourceTree = "<group>";
		};
		7F58BE161BB1F72C00086384 /* SupportedFiles */ = {
			isa = PBXGroup;
			children = (
				7F58BDEB1BB1F12400086384 /* Info.plist */,
				7F58BE0F1BB1F21D00086384 /* FluppyChat-Bridging-Header.h */,
				7F58BDDF1BB1F12400086384 /* AppDelegate.swift */,
			);
			name = SupportedFiles;
			sourceTree = "<group>";
		};
		7F58BE171BB1F78C00086384 /* Util */ = {
			isa = PBXGroup;
			children = (
				7F58BE181BB1F7B700086384 /* MessageAlert.swift */,
				7F58BE1F1BB2012F00086384 /* PhotoContainer.swift */,
				7F92ADE41BBDD17D00E0B807 /* Decoder.swift */,
			);
			name = Util;
			sourceTree = "<group>";
		};
		7F58BE1C1BB1FCF600086384 /* Cell */ = {
			isa = PBXGroup;
			children = (
				7F8D4D6C1C5D335A0072319C /* BaseRoomTableViewCell.swift */,
				7F58BE1D1BB1FD3300086384 /* ConfirmedRoomTableViewCell.swift */,
				7F8D4D6A1C5D2ADF0072319C /* NotConfirmedTableViewCell.swift */,
				7F92ADD71BBDC63A00E0B807 /* MessageTableViewCell.swift */,
				7FF7BC4B1BC0021900D0B2D8 /* SearchTableViewCell.swift */,
				7FF7BC4D1BC0023000D0B2D8 /* FriendTableViewCell.swift */,
			);
			name = Cell;
			sourceTree = "<group>";
		};
		7F8D4D651C5CD97A0072319C /* Consts */ = {
			isa = PBXGroup;
			children = (
				7F8D4D661C5CD98F0072319C /* Consts.swift */,
			);
			name = Consts;
			sourceTree = "<group>";
		};
		7F92ADDB1BBDD04100E0B807 /* Framework */ = {
			isa = PBXGroup;
			children = (
				7F92ADE61BBDD1EE00E0B807 /* AESCrypt */,
				7FFF248E1C4C0B88000DCE13 /* SwiftyJSON.swift */,
			);
			name = Framework;
			sourceTree = "<group>";
		};
		7F92ADE61BBDD1EE00E0B807 /* AESCrypt */ = {
			isa = PBXGroup;
			children = (
				7F92ADF31BBDD33400E0B807 /* AESCrypt.h */,
				7F92ADF41BBDD33400E0B807 /* AESCrypt.m */,
				7F92ADF51BBDD33400E0B807 /* NSData+Base64.h */,
				7F92ADF61BBDD33400E0B807 /* NSData+Base64.m */,
				7F92ADF71BBDD33400E0B807 /* NSData+CommonCrypto.h */,
				7F92ADF81BBDD33400E0B807 /* NSData+CommonCrypto.m */,
				7F92ADF91BBDD33400E0B807 /* NSString+Base64.h */,
				7F92ADFA1BBDD33400E0B807 /* NSString+Base64.m */,
			);
			name = AESCrypt;
			sourceTree = "<group>";
		};
		7FF7BC4F1BC002C000D0B2D8 /* Protocols */ = {
			isa = PBXGroup;
			children = (
				7FF7BC501BC002DC00D0B2D8 /* SearchProtocol.swift */,
				7F5940241C5AA29800A506C1 /* UpdateRoomsListProtocol.swift */,
				7F8D4D6E1C5D34AB0072319C /* AcceptDeclineRoomProtocol.swift */,
				7F8D4D701C5E2DAC0072319C /* UpdateFriendListProtocol.swift */,
			);
			name = Protocols;
			sourceTree = "<group>";
		};
		C22DBEB1BD4A3F3F71790123 /* Frameworks */ = {
			isa = PBXGroup;
			children = (
				ECB474A93A63674F4169A1C8 /* libPods.a */,
			);
			name = Frameworks;
			sourceTree = "<group>";
		};
/* End PBXGroup section */

/* Begin PBXNativeTarget section */
		7F58BDDB1BB1F12400086384 /* FluppyChat */ = {
			isa = PBXNativeTarget;
			buildConfigurationList = 7F58BE041BB1F12500086384 /* Build configuration list for PBXNativeTarget "FluppyChat" */;
			buildPhases = (
				81D26B2ECB05F987A37D4FC2 /* Check Pods Manifest.lock */,
				7F58BDD81BB1F12400086384 /* Sources */,
				7F58BDD91BB1F12400086384 /* Frameworks */,
				7F58BDDA1BB1F12400086384 /* Resources */,
				9DB63497C9C9216EC1711DFF /* Copy Pods Resources */,
				489AF41EB663A50F078627B7 /* Embed Pods Frameworks */,
			);
			buildRules = (
			);
			dependencies = (
			);
			name = FluppyChat;
			productName = FluppyChat;
			productReference = 7F58BDDC1BB1F12400086384 /* FluppyChat.app */;
			productType = "com.apple.product-type.application";
		};
		7F58BDEF1BB1F12500086384 /* FluppyChatTests */ = {
			isa = PBXNativeTarget;
			buildConfigurationList = 7F58BE071BB1F12500086384 /* Build configuration list for PBXNativeTarget "FluppyChatTests" */;
			buildPhases = (
				7F58BDEC1BB1F12500086384 /* Sources */,
				7F58BDED1BB1F12500086384 /* Frameworks */,
				7F58BDEE1BB1F12500086384 /* Resources */,
			);
			buildRules = (
			);
			dependencies = (
				7F58BDF21BB1F12500086384 /* PBXTargetDependency */,
			);
			name = FluppyChatTests;
			productName = FluppyChatTests;
			productReference = 7F58BDF01BB1F12500086384 /* FluppyChatTests.xctest */;
			productType = "com.apple.product-type.bundle.unit-test";
		};
		7F58BDFA1BB1F12500086384 /* FluppyChatUITests */ = {
			isa = PBXNativeTarget;
			buildConfigurationList = 7F58BE0A1BB1F12500086384 /* Build configuration list for PBXNativeTarget "FluppyChatUITests" */;
			buildPhases = (
				7F58BDF71BB1F12500086384 /* Sources */,
				7F58BDF81BB1F12500086384 /* Frameworks */,
				7F58BDF91BB1F12500086384 /* Resources */,
			);
			buildRules = (
			);
			dependencies = (
				7F58BDFD1BB1F12500086384 /* PBXTargetDependency */,
			);
			name = FluppyChatUITests;
			productName = FluppyChatUITests;
			productReference = 7F58BDFB1BB1F12500086384 /* FluppyChatUITests.xctest */;
			productType = "com.apple.product-type.bundle.ui-testing";
		};
/* End PBXNativeTarget section */

/* Begin PBXProject section */
		7F58BDD41BB1F12400086384 /* Project object */ = {
			isa = PBXProject;
			attributes = {
				LastSwiftUpdateCheck = 0700;
				LastUpgradeCheck = 0700;
				ORGANIZATIONNAME = "Dmytro Bohachevskyy";
				TargetAttributes = {
					7F58BDDB1BB1F12400086384 = {
						CreatedOnToolsVersion = 7.0;
						DevelopmentTeam = VHRZVCF7HV;
						SystemCapabilities = {
							com.apple.BackgroundModes = {
								enabled = 1;
							};
							com.apple.Push = {
								enabled = 1;
							};
						};
					};
					7F58BDEF1BB1F12500086384 = {
						CreatedOnToolsVersion = 7.0;
						TestTargetID = 7F58BDDB1BB1F12400086384;
					};
					7F58BDFA1BB1F12500086384 = {
						CreatedOnToolsVersion = 7.0;
						TestTargetID = 7F58BDDB1BB1F12400086384;
					};
				};
			};
			buildConfigurationList = 7F58BDD71BB1F12400086384 /* Build configuration list for PBXProject "FluppyChat" */;
			compatibilityVersion = "Xcode 3.2";
			developmentRegion = English;
			hasScannedForEncodings = 0;
			knownRegions = (
				en,
				Base,
			);
			mainGroup = 7F58BDD31BB1F12400086384;
			productRefGroup = 7F58BDDD1BB1F12400086384 /* Products */;
			projectDirPath = "";
			projectRoot = "";
			targets = (
				7F58BDDB1BB1F12400086384 /* FluppyChat */,
				7F58BDEF1BB1F12500086384 /* FluppyChatTests */,
				7F58BDFA1BB1F12500086384 /* FluppyChatUITests */,
			);
		};
/* End PBXProject section */

/* Begin PBXResourcesBuildPhase section */
		7F58BDDA1BB1F12400086384 /* Resources */ = {
			isa = PBXResourcesBuildPhase;
			buildActionMask = 2147483647;
			files = (
				7F58BDEA1BB1F12400086384 /* LaunchScreen.storyboard in Resources */,
				7F2579431BBF2092001BA157 /* user.png in Resources */,
				7F58BDE71BB1F12400086384 /* Assets.xcassets in Resources */,
				7F58BE0E1BB1F14C00086384 /* PodFile in Resources */,
				7F58BDE51BB1F12400086384 /* Main.storyboard in Resources */,
			);
			runOnlyForDeploymentPostprocessing = 0;
		};
		7F58BDEE1BB1F12500086384 /* Resources */ = {
			isa = PBXResourcesBuildPhase;
			buildActionMask = 2147483647;
			files = (
			);
			runOnlyForDeploymentPostprocessing = 0;
		};
		7F58BDF91BB1F12500086384 /* Resources */ = {
			isa = PBXResourcesBuildPhase;
			buildActionMask = 2147483647;
			files = (
			);
			runOnlyForDeploymentPostprocessing = 0;
		};
/* End PBXResourcesBuildPhase section */

/* Begin PBXShellScriptBuildPhase section */
		489AF41EB663A50F078627B7 /* Embed Pods Frameworks */ = {
			isa = PBXShellScriptBuildPhase;
			buildActionMask = 2147483647;
			files = (
			);
			inputPaths = (
			);
			name = "Embed Pods Frameworks";
			outputPaths = (
			);
			runOnlyForDeploymentPostprocessing = 0;
			shellPath = /bin/sh;
			shellScript = "\"${SRCROOT}/Pods/Target Support Files/Pods/Pods-frameworks.sh\"\n";
			showEnvVarsInLog = 0;
		};
		81D26B2ECB05F987A37D4FC2 /* Check Pods Manifest.lock */ = {
			isa = PBXShellScriptBuildPhase;
			buildActionMask = 2147483647;
			files = (
			);
			inputPaths = (
			);
			name = "Check Pods Manifest.lock";
			outputPaths = (
			);
			runOnlyForDeploymentPostprocessing = 0;
			shellPath = /bin/sh;
			shellScript = "diff \"${PODS_ROOT}/../Podfile.lock\" \"${PODS_ROOT}/Manifest.lock\" > /dev/null\nif [[ $? != 0 ]] ; then\n    cat << EOM\nerror: The sandbox is not in sync with the Podfile.lock. Run 'pod install' or update your CocoaPods installation.\nEOM\n    exit 1\nfi\n";
			showEnvVarsInLog = 0;
		};
		9DB63497C9C9216EC1711DFF /* Copy Pods Resources */ = {
			isa = PBXShellScriptBuildPhase;
			buildActionMask = 2147483647;
			files = (
			);
			inputPaths = (
			);
			name = "Copy Pods Resources";
			outputPaths = (
			);
			runOnlyForDeploymentPostprocessing = 0;
			shellPath = /bin/sh;
			shellScript = "\"${SRCROOT}/Pods/Target Support Files/Pods/Pods-resources.sh\"\n";
			showEnvVarsInLog = 0;
		};
/* End PBXShellScriptBuildPhase section */

/* Begin PBXSourcesBuildPhase section */
		7F58BDD81BB1F12400086384 /* Sources */ = {
			isa = PBXSourcesBuildPhase;
			buildActionMask = 2147483647;
			files = (
				7F8D4D671C5CD98F0072319C /* Consts.swift in Sources */,
				7F5940251C5AA29800A506C1 /* UpdateRoomsListProtocol.swift in Sources */,
				7F58BE201BB2012F00086384 /* PhotoContainer.swift in Sources */,
				7F58BE191BB1F7B700086384 /* MessageAlert.swift in Sources */,
				7F92ADFD1BBDD33400E0B807 /* NSData+CommonCrypto.m in Sources */,
				7F025BFB1C5117EA006E4C18 /* NewMessageViewController.swift in Sources */,
				7F92ADFB1BBDD33400E0B807 /* AESCrypt.m in Sources */,
				7F2579451BBF22A2001BA157 /* ProfileViewController.swift in Sources */,
				7F58BE1E1BB1FD3300086384 /* ConfirmedRoomTableViewCell.swift in Sources */,
				7F8D4D6D1C5D335A0072319C /* BaseRoomTableViewCell.swift in Sources */,
				7F92ADFE1BBDD33400E0B807 /* NSString+Base64.m in Sources */,
				7FF7BC4C1BC0021900D0B2D8 /* SearchTableViewCell.swift in Sources */,
				7F92ADFC1BBDD33400E0B807 /* NSData+Base64.m in Sources */,
				7FF7BC511BC002DC00D0B2D8 /* SearchProtocol.swift in Sources */,
				7F8D4D6F1C5D34AB0072319C /* AcceptDeclineRoomProtocol.swift in Sources */,
				7FFF248F1C4C0B88000DCE13 /* SwiftyJSON.swift in Sources */,
				7F92ADDA1BBDC6C300E0B807 /* MessagingTableViewController.swift in Sources */,
				7F58BE151BB1F51300086384 /* LoginViewController.swift in Sources */,
				7F92ADD81BBDC63A00E0B807 /* MessageTableViewCell.swift in Sources */,
				7F58BDE01BB1F12400086384 /* AppDelegate.swift in Sources */,
				7F8D4D711C5E2DAC0072319C /* UpdateFriendListProtocol.swift in Sources */,
				7F92ADE51BBDD17D00E0B807 /* Decoder.swift in Sources */,
				7F58BE1B1BB1FA7A00086384 /* RoomListViewController.swift in Sources */,
				7FF7BC4E1BC0023000D0B2D8 /* FriendTableViewCell.swift in Sources */,
				7FF7BC4A1BC0019D00D0B2D8 /* SearchFriendTableViewController.swift in Sources */,
				7F8D4D6B1C5D2ADF0072319C /* NotConfirmedTableViewCell.swift in Sources */,
			);
			runOnlyForDeploymentPostprocessing = 0;
		};
		7F58BDEC1BB1F12500086384 /* Sources */ = {
			isa = PBXSourcesBuildPhase;
			buildActionMask = 2147483647;
			files = (
				7F58BDF51BB1F12500086384 /* FluppyChatTests.swift in Sources */,
			);
			runOnlyForDeploymentPostprocessing = 0;
		};
		7F58BDF71BB1F12500086384 /* Sources */ = {
			isa = PBXSourcesBuildPhase;
			buildActionMask = 2147483647;
			files = (
				7F58BE001BB1F12500086384 /* FluppyChatUITests.swift in Sources */,
			);
			runOnlyForDeploymentPostprocessing = 0;
		};
/* End PBXSourcesBuildPhase section */

/* Begin PBXTargetDependency section */
		7F58BDF21BB1F12500086384 /* PBXTargetDependency */ = {
			isa = PBXTargetDependency;
			target = 7F58BDDB1BB1F12400086384 /* FluppyChat */;
			targetProxy = 7F58BDF11BB1F12500086384 /* PBXContainerItemProxy */;
		};
		7F58BDFD1BB1F12500086384 /* PBXTargetDependency */ = {
			isa = PBXTargetDependency;
			target = 7F58BDDB1BB1F12400086384 /* FluppyChat */;
			targetProxy = 7F58BDFC1BB1F12500086384 /* PBXContainerItemProxy */;
		};
/* End PBXTargetDependency section */

/* Begin PBXVariantGroup section */
		7F58BDE31BB1F12400086384 /* Main.storyboard */ = {
			isa = PBXVariantGroup;
			children = (
				7F58BDE41BB1F12400086384 /* Base */,
			);
			name = Main.storyboard;
			sourceTree = "<group>";
		};
		7F58BDE81BB1F12400086384 /* LaunchScreen.storyboard */ = {
			isa = PBXVariantGroup;
			children = (
				7F58BDE91BB1F12400086384 /* Base */,
			);
			name = LaunchScreen.storyboard;
			sourceTree = "<group>";
		};
/* End PBXVariantGroup section */

/* Begin XCBuildConfiguration section */
		7F58BE021BB1F12500086384 /* Debug */ = {
			isa = XCBuildConfiguration;
			buildSettings = {
				ALWAYS_SEARCH_USER_PATHS = NO;
				CLANG_CXX_LANGUAGE_STANDARD = "gnu++0x";
				CLANG_CXX_LIBRARY = "libc++";
				CLANG_ENABLE_MODULES = YES;
				CLANG_ENABLE_OBJC_ARC = YES;
				CLANG_WARN_BOOL_CONVERSION = YES;
				CLANG_WARN_CONSTANT_CONVERSION = YES;
				CLANG_WARN_DIRECT_OBJC_ISA_USAGE = YES_ERROR;
				CLANG_WARN_EMPTY_BODY = YES;
				CLANG_WARN_ENUM_CONVERSION = YES;
				CLANG_WARN_INT_CONVERSION = YES;
				CLANG_WARN_OBJC_ROOT_CLASS = YES_ERROR;
				CLANG_WARN_UNREACHABLE_CODE = YES;
				CLANG_WARN__DUPLICATE_METHOD_MATCH = YES;
				CODE_SIGN_IDENTITY = "";
				"CODE_SIGN_IDENTITY[sdk=iphoneos*]" = FluppyChatPushProfile;
				COPY_PHASE_STRIP = NO;
				DEBUG_INFORMATION_FORMAT = dwarf;
				ENABLE_STRICT_OBJC_MSGSEND = YES;
				ENABLE_TESTABILITY = YES;
				GCC_C_LANGUAGE_STANDARD = gnu99;
				GCC_DYNAMIC_NO_PIC = NO;
				GCC_NO_COMMON_BLOCKS = YES;
				GCC_OPTIMIZATION_LEVEL = 0;
				GCC_PREPROCESSOR_DEFINITIONS = (
					"DEBUG=1",
					"$(inherited)",
				);
				GCC_WARN_64_TO_32_BIT_CONVERSION = YES;
				GCC_WARN_ABOUT_RETURN_TYPE = YES_ERROR;
				GCC_WARN_UNDECLARED_SELECTOR = YES;
				GCC_WARN_UNINITIALIZED_AUTOS = YES_AGGRESSIVE;
				GCC_WARN_UNUSED_FUNCTION = YES;
				GCC_WARN_UNUSED_VARIABLE = YES;
				IPHONEOS_DEPLOYMENT_TARGET = 9.0;
				MTL_ENABLE_DEBUG_INFO = YES;
				ONLY_ACTIVE_ARCH = YES;
				SDKROOT = iphoneos;
				SWIFT_OPTIMIZATION_LEVEL = "-Onone";
				TARGETED_DEVICE_FAMILY = "1,2";
			};
			name = Debug;
		};
		7F58BE031BB1F12500086384 /* Release */ = {
			isa = XCBuildConfiguration;
			buildSettings = {
				ALWAYS_SEARCH_USER_PATHS = NO;
				CLANG_CXX_LANGUAGE_STANDARD = "gnu++0x";
				CLANG_CXX_LIBRARY = "libc++";
				CLANG_ENABLE_MODULES = YES;
				CLANG_ENABLE_OBJC_ARC = YES;
				CLANG_WARN_BOOL_CONVERSION = YES;
				CLANG_WARN_CONSTANT_CONVERSION = YES;
				CLANG_WARN_DIRECT_OBJC_ISA_USAGE = YES_ERROR;
				CLANG_WARN_EMPTY_BODY = YES;
				CLANG_WARN_ENUM_CONVERSION = YES;
				CLANG_WARN_INT_CONVERSION = YES;
				CLANG_WARN_OBJC_ROOT_CLASS = YES_ERROR;
				CLANG_WARN_UNREACHABLE_CODE = YES;
				CLANG_WARN__DUPLICATE_METHOD_MATCH = YES;
				CODE_SIGN_IDENTITY = "";
				"CODE_SIGN_IDENTITY[sdk=iphoneos*]" = FluppyChatPushProfile;
				COPY_PHASE_STRIP = NO;
				DEBUG_INFORMATION_FORMAT = "dwarf-with-dsym";
				ENABLE_NS_ASSERTIONS = NO;
				ENABLE_STRICT_OBJC_MSGSEND = YES;
				GCC_C_LANGUAGE_STANDARD = gnu99;
				GCC_NO_COMMON_BLOCKS = YES;
				GCC_WARN_64_TO_32_BIT_CONVERSION = YES;
				GCC_WARN_ABOUT_RETURN_TYPE = YES_ERROR;
				GCC_WARN_UNDECLARED_SELECTOR = YES;
				GCC_WARN_UNINITIALIZED_AUTOS = YES_AGGRESSIVE;
				GCC_WARN_UNUSED_FUNCTION = YES;
				GCC_WARN_UNUSED_VARIABLE = YES;
				IPHONEOS_DEPLOYMENT_TARGET = 9.0;
				MTL_ENABLE_DEBUG_INFO = NO;
				SDKROOT = iphoneos;
				TARGETED_DEVICE_FAMILY = "1,2";
				VALIDATE_PRODUCT = YES;
			};
			name = Release;
		};
		7F58BE051BB1F12500086384 /* Debug */ = {
			isa = XCBuildConfiguration;
			baseConfigurationReference = 5DE4593AEC4BA184817F76A3 /* Pods.debug.xcconfig */;
			buildSettings = {
				ASSETCATALOG_COMPILER_APPICON_NAME = "AppIcon-1";
				CLANG_ENABLE_MODULES = YES;
				CODE_SIGN_IDENTITY = "iPhone Developer: Dmytro Bohachevskyi (SP2NM42UL6)";
				"CODE_SIGN_IDENTITY[sdk=iphoneos*]" = "iPhone Developer: Dmytro Bohachevskyi (SP2NM42UL6)";
				INFOPLIST_FILE = FluppyChat/Info.plist;
				LD_RUNPATH_SEARCH_PATHS = "$(inherited) @executable_path/Frameworks";
				PRODUCT_BUNDLE_IDENTIFIER = painted.eggs.FluppyChat;
				PRODUCT_NAME = "$(TARGET_NAME)";
				PROVISIONING_PROFILE = "cfed7d37-93e8-4809-b32a-803fe95f70e4";
				SWIFT_OBJC_BRIDGING_HEADER = "FluppyChat/FluppyChat-Bridging-Header.h";
				SWIFT_OPTIMIZATION_LEVEL = "-Onone";
			};
			name = Debug;
		};
		7F58BE061BB1F12500086384 /* Release */ = {
			isa = XCBuildConfiguration;
			baseConfigurationReference = 8B37774411AF1F04C132F993 /* Pods.release.xcconfig */;
			buildSettings = {
				ASSETCATALOG_COMPILER_APPICON_NAME = "AppIcon-1";
				CLANG_ENABLE_MODULES = YES;
				CODE_SIGN_IDENTITY = "iPhone Developer: Dmytro Bohachevskyi (SP2NM42UL6)";
				"CODE_SIGN_IDENTITY[sdk=iphoneos*]" = "iPhone Developer: Dmytro Bohachevskyi (SP2NM42UL6)";
				INFOPLIST_FILE = FluppyChat/Info.plist;
				LD_RUNPATH_SEARCH_PATHS = "$(inherited) @executable_path/Frameworks";
				PRODUCT_BUNDLE_IDENTIFIER = painted.eggs.FluppyChat;
				PRODUCT_NAME = "$(TARGET_NAME)";
				PROVISIONING_PROFILE = "cfed7d37-93e8-4809-b32a-803fe95f70e4";
				SWIFT_OBJC_BRIDGING_HEADER = "FluppyChat/FluppyChat-Bridging-Header.h";
			};
			name = Release;
		};
		7F58BE081BB1F12500086384 /* Debug */ = {
			isa = XCBuildConfiguration;
			buildSettings = {
				BUNDLE_LOADER = "$(TEST_HOST)";
				INFOPLIST_FILE = FluppyChatTests/Info.plist;
				LD_RUNPATH_SEARCH_PATHS = "$(inherited) @executable_path/Frameworks @loader_path/Frameworks";
				PRODUCT_BUNDLE_IDENTIFIER = painted.eggs.FluppyChatTests;
				PRODUCT_NAME = "$(TARGET_NAME)";
				TEST_HOST = "$(BUILT_PRODUCTS_DIR)/FluppyChat.app/FluppyChat";
			};
			name = Debug;
		};
		7F58BE091BB1F12500086384 /* Release */ = {
			isa = XCBuildConfiguration;
			buildSettings = {
				BUNDLE_LOADER = "$(TEST_HOST)";
				INFOPLIST_FILE = FluppyChatTests/Info.plist;
				LD_RUNPATH_SEARCH_PATHS = "$(inherited) @executable_path/Frameworks @loader_path/Frameworks";
				PRODUCT_BUNDLE_IDENTIFIER = painted.eggs.FluppyChatTests;
				PRODUCT_NAME = "$(TARGET_NAME)";
				TEST_HOST = "$(BUILT_PRODUCTS_DIR)/FluppyChat.app/FluppyChat";
			};
			name = Release;
		};
		7F58BE0B1BB1F12500086384 /* Debug */ = {
			isa = XCBuildConfiguration;
			buildSettings = {
				INFOPLIST_FILE = FluppyChatUITests/Info.plist;
				LD_RUNPATH_SEARCH_PATHS = "$(inherited) @executable_path/Frameworks @loader_path/Frameworks";
				PRODUCT_BUNDLE_IDENTIFIER = painted.eggs.FluppyChatUITests;
				PRODUCT_NAME = "$(TARGET_NAME)";
				TEST_TARGET_NAME = FluppyChat;
				USES_XCTRUNNER = YES;
			};
			name = Debug;
		};
		7F58BE0C1BB1F12500086384 /* Release */ = {
			isa = XCBuildConfiguration;
			buildSettings = {
				INFOPLIST_FILE = FluppyChatUITests/Info.plist;
				LD_RUNPATH_SEARCH_PATHS = "$(inherited) @executable_path/Frameworks @loader_path/Frameworks";
				PRODUCT_BUNDLE_IDENTIFIER = painted.eggs.FluppyChatUITests;
				PRODUCT_NAME = "$(TARGET_NAME)";
				TEST_TARGET_NAME = FluppyChat;
				USES_XCTRUNNER = YES;
			};
			name = Release;
		};
/* End XCBuildConfiguration section */

/* Begin XCConfigurationList section */
		7F58BDD71BB1F12400086384 /* Build configuration list for PBXProject "FluppyChat" */ = {
			isa = XCConfigurationList;
			buildConfigurations = (
				7F58BE021BB1F12500086384 /* Debug */,
				7F58BE031BB1F12500086384 /* Release */,
			);
			defaultConfigurationIsVisible = 0;
			defaultConfigurationName = Release;
		};
		7F58BE041BB1F12500086384 /* Build configuration list for PBXNativeTarget "FluppyChat" */ = {
			isa = XCConfigurationList;
			buildConfigurations = (
				7F58BE051BB1F12500086384 /* Debug */,
				7F58BE061BB1F12500086384 /* Release */,
			);
			defaultConfigurationIsVisible = 0;
			defaultConfigurationName = Release;
		};
		7F58BE071BB1F12500086384 /* Build configuration list for PBXNativeTarget "FluppyChatTests" */ = {
			isa = XCConfigurationList;
			buildConfigurations = (
				7F58BE081BB1F12500086384 /* Debug */,
				7F58BE091BB1F12500086384 /* Release */,
			);
			defaultConfigurationIsVisible = 0;
			defaultConfigurationName = Release;
		};
		7F58BE0A1BB1F12500086384 /* Build configuration list for PBXNativeTarget "FluppyChatUITests" */ = {
			isa = XCConfigurationList;
			buildConfigurations = (
				7F58BE0B1BB1F12500086384 /* Debug */,
				7F58BE0C1BB1F12500086384 /* Release */,
			);
			defaultConfigurationIsVisible = 0;
			defaultConfigurationName = Release;
		};
/* End XCConfigurationList section */
	};
	rootObject = 7F58BDD41BB1F12400086384 /* Project object */;
}
